
Microsoft Visual Studio Solution File, Format Version 12.00
# Visual Studio Version 17
VisualStudioVersion = 17.6.33815.320
MinimumVisualStudioVersion = 10.0.40219.1
Project("{9A19103F-16F7-4668-BE54-9A1E7A4F7556}") = "TodoMinimalApi", "TodoMinimalApi\TodoMinimalApi.csproj", "{75AB25D4-4B25-4503-B775-C6150CABF8DD}"
EndProject
Global
	GlobalSection(SolutionConfigurationPlatforms) = preSolution
		Debug|Any CPU = Debug|Any CPU
		Release|Any CPU = Release|Any CPU
	EndGlobalSection
	GlobalSection(ProjectConfigurationPlatforms) = postSolution
		{75AB25D4-4B25-4503-B775-C6150CABF8DD}.Debug|Any CPU.ActiveCfg = Debug|Any CPU
		{75AB25D4-4B25-4503-B775-C6150CABF8DD}.Debug|Any CPU.Build.0 = Debug|Any CPU
		{75AB25D4-4B25-4503-B775-C6150CABF8DD}.Release|Any CPU.ActiveCfg = Release|Any CPU
		{75AB25D4-4B25-4503-B775-C6150CABF8DD}.Release|Any CPU.Build.0 = Release|Any CPU
	EndGlobalSection
	GlobalSection(SolutionProperties) = preSolution
		HideSolutionNode = FALSE
	EndGlobalSection
	GlobalSection(ExtensibilityGlobals) = postSolution
		SolutionGuid = {7D553AF2-56B9-43BD-A4FB-569246B312C5}
	EndGlobalSection
EndGlobal
